
Microsoft Visual Studio Solution File, Format Version 12.00
# Visual Studio Version 17
VisualStudioVersion = 17.11.35327.3
MinimumVisualStudioVersion = 10.0.40219.1
Project("{FAE04EC0-301F-11D3-BF4B-00C04F79EFBC}") = "WindowsFormsApp1", "WindowsFormsApp1.csproj", "{DC10B276-F04E-4C3D-8C47-3F16BFA0F433}"
EndProject
Global
	GlobalSection(SolutionConfigurationPlatforms) = preSolution
		Debug|Any CPU = Debug|Any CPU
		Release|Any CPU = Release|Any CPU
	EndGlobalSection
	GlobalSection(ProjectConfigurationPlatforms) = postSolution
		{DC10B276-F04E-4C3D-8C47-3F16BFA0F433}.Debug|Any CPU.ActiveCfg = Debug|Any CPU
		{DC10B276-F04E-4C3D-8C47-3F16BFA0F433}.Debug|Any CPU.Build.0 = Debug|Any CPU
		{DC10B276-F04E-4C3D-8C47-3F16BFA0F433}.Release|Any CPU.ActiveCfg = Release|Any CPU
		{DC10B276-F04E-4C3D-8C47-3F16BFA0F433}.Release|Any CPU.Build.0 = Release|Any CPU
	EndGlobalSection
	GlobalSection(SolutionProperties) = preSolution
		HideSolutionNode = FALSE
	EndGlobalSection
	GlobalSection(ExtensibilityGlobals) = postSolution
		SolutionGuid = {8FEB1F19-F29D-4ABD-A8E0-4F60761F9350}
	EndGlobalSection
EndGlobal
